
Microsoft Visual Studio Solution File, Format Version 12.00
# Visual Studio 2012
Project("{FAE04EC0-301F-11D3-BF4B-00C04F79EFBC}") = "C#", "C#\C#.csproj", "{FF798CFD-B8B1-4CEB-8F85-A87E8A345390}"
EndProject
Global
	GlobalSection(SolutionConfigurationPlatforms) = preSolution
		Debug|x86 = Debug|x86
		Release|x86 = Release|x86
	EndGlobalSection
	GlobalSection(ProjectConfigurationPlatforms) = postSolution
		{FF798CFD-B8B1-4CEB-8F85-A87E8A345390}.Debug|x86.ActiveCfg = Debug|x86
		{FF798CFD-B8B1-4CEB-8F85-A87E8A345390}.Debug|x86.Build.0 = Debug|x86
		{FF798CFD-B8B1-4CEB-8F85-A87E8A345390}.Release|x86.ActiveCfg = Release|x86
		{FF798CFD-B8B1-4CEB-8F85-A87E8A345390}.Release|x86.Build.0 = Release|x86
	EndGlobalSection
EndGlobal
